// !$*UTF8*$!
{
	archiveVersion = 1;
	classes = {
	};
	objectVersion = 46;
	objects = {

/* Begin PBXBuildFile section */
		691733571DD3355800AED7B2 /* bill.pdf in Resources */ = {isa = PBXBuildFile; fileRef = 691733561DD3355800AED7B2 /* bill.pdf */; };
		6988FA451DCDB12A001C7AAA /* AppDelegate.swift in Sources */ = {isa = PBXBuildFile; fileRef = 6988FA441DCDB12A001C7AAA /* AppDelegate.swift */; };
		6988FA471DCDB12A001C7AAA /* JCICRLoginViewController.swift in Sources */ = {isa = PBXBuildFile; fileRef = 6988FA461DCDB12A001C7AAA /* JCICRLoginViewController.swift */; };
		6988FA4A1DCDB12A001C7AAA /* Main.storyboard in Resources */ = {isa = PBXBuildFile; fileRef = 6988FA481DCDB12A001C7AAA /* Main.storyboard */; };
		6988FA4D1DCDB12A001C7AAA /* CoreReturns.xcdatamodeld in Sources */ = {isa = PBXBuildFile; fileRef = 6988FA4B1DCDB12A001C7AAA /* CoreReturns.xcdatamodeld */; };
		6988FA4F1DCDB12A001C7AAA /* Assets.xcassets in Resources */ = {isa = PBXBuildFile; fileRef = 6988FA4E1DCDB12A001C7AAA /* Assets.xcassets */; };
		6988FA521DCDB12A001C7AAA /* LaunchScreen.storyboard in Resources */ = {isa = PBXBuildFile; fileRef = 6988FA501DCDB12A001C7AAA /* LaunchScreen.storyboard */; };
		6988FA5D1DCDB12A001C7AAA /* CoreReturnsTests.swift in Sources */ = {isa = PBXBuildFile; fileRef = 6988FA5C1DCDB12A001C7AAA /* CoreReturnsTests.swift */; };
		6988FA681DCDB12A001C7AAA /* CoreReturnsUITests.swift in Sources */ = {isa = PBXBuildFile; fileRef = 6988FA671DCDB12A001C7AAA /* CoreReturnsUITests.swift */; };
		6988FA761DCDBA5D001C7AAA /* JCICRHomeViewController.swift in Sources */ = {isa = PBXBuildFile; fileRef = 6988FA751DCDBA5D001C7AAA /* JCICRHomeViewController.swift */; };
		6988FA781DCDD935001C7AAA /* JCICRCustomPickUPTableViewCell.swift in Sources */ = {isa = PBXBuildFile; fileRef = 6988FA771DCDD935001C7AAA /* JCICRCustomPickUPTableViewCell.swift */; };
		69E04F3F1DD0B99800B38FC0 /* JCICRDirectionsViewController.swift in Sources */ = {isa = PBXBuildFile; fileRef = 69E04F3E1DD0B99800B38FC0 /* JCICRDirectionsViewController.swift */; };
		69E04F411DD0BBCC00B38FC0 /* JCICRJobCardViewController.swift in Sources */ = {isa = PBXBuildFile; fileRef = 69E04F401DD0BBCC00B38FC0 /* JCICRJobCardViewController.swift */; };
		69E04F451DD0C0F000B38FC0 /* JCICRCustomJobCardTableViewCell.swift in Sources */ = {isa = PBXBuildFile; fileRef = 69E04F441DD0C0F000B38FC0 /* JCICRCustomJobCardTableViewCell.swift */; };
		69E04F471DD0C93A00B38FC0 /* JCICRScanPalletViewController.swift in Sources */ = {isa = PBXBuildFile; fileRef = 69E04F461DD0C93A00B38FC0 /* JCICRScanPalletViewController.swift */; };
		69E04F491DD0C9CE00B38FC0 /* JCICRDamageReportViewController.swift in Sources */ = {isa = PBXBuildFile; fileRef = 69E04F481DD0C9CE00B38FC0 /* JCICRDamageReportViewController.swift */; };
		69E04F4B1DD0CA6700B38FC0 /* JCICRViewBolViewController.swift in Sources */ = {isa = PBXBuildFile; fileRef = 69E04F4A1DD0CA6700B38FC0 /* JCICRViewBolViewController.swift */; };
		69E04F4D1DD0CACF00B38FC0 /* JCICRDigitalSignatureViewController.swift in Sources */ = {isa = PBXBuildFile; fileRef = 69E04F4C1DD0CACF00B38FC0 /* JCICRDigitalSignatureViewController.swift */; };
		69EF137E1DD1B55F00BA2CB5 /* JCICRDriverInfoViewController.swift in Sources */ = {isa = PBXBuildFile; fileRef = 69EF137D1DD1B55F00BA2CB5 /* JCICRDriverInfoViewController.swift */; };
		69F7C0CC1DCDEA1A003D6908 /* JCICRBatteryInfoViewController.swift in Sources */ = {isa = PBXBuildFile; fileRef = 69F7C0CB1DCDEA1A003D6908 /* JCICRBatteryInfoViewController.swift */; };
		800FF5941DE45630006E8473 /* JCICRCustomCustomerInfoTableViewCell.swift in Sources */ = {isa = PBXBuildFile; fileRef = 800FF5931DE45630006E8473 /* JCICRCustomCustomerInfoTableViewCell.swift */; settings = {ASSET_TAGS = (); }; };
		80148D541DE5602F0060AFBE /* JCICRBatteryInfoModel.swift in Sources */ = {isa = PBXBuildFile; fileRef = 80148D531DE5602F0060AFBE /* JCICRBatteryInfoModel.swift */; settings = {ASSET_TAGS = (); }; };
		801E99BD1DD5D66E00EE58A6 /* JCICRCustomBatteryInfoTableViewCell.swift in Sources */ = {isa = PBXBuildFile; fileRef = 801E99BC1DD5D66E00EE58A6 /* JCICRCustomBatteryInfoTableViewCell.swift */; settings = {ASSET_TAGS = (); }; };
		807465EA1DD491F80074B7B7 /* GoogleMapsBase.framework in Frameworks */ = {isa = PBXBuildFile; fileRef = 807465E91DD491F80074B7B7 /* GoogleMapsBase.framework */; settings = {ASSET_TAGS = (); }; };
		807465EC1DD492280074B7B7 /* GoogleMaps.framework in Frameworks */ = {isa = PBXBuildFile; fileRef = 807465EB1DD492280074B7B7 /* GoogleMaps.framework */; settings = {ASSET_TAGS = (); }; };
		807465EE1DD492370074B7B7 /* GoogleMapsCore.framework in Frameworks */ = {isa = PBXBuildFile; fileRef = 807465ED1DD492370074B7B7 /* GoogleMapsCore.framework */; settings = {ASSET_TAGS = (); }; };
		807465F01DD492710074B7B7 /* GoogleMaps.bundle in Resources */ = {isa = PBXBuildFile; fileRef = 807465EF1DD492710074B7B7 /* GoogleMaps.bundle */; settings = {ASSET_TAGS = (); }; };
		807465F21DD492980074B7B7 /* Accelerate.framework in Frameworks */ = {isa = PBXBuildFile; fileRef = 807465F11DD492980074B7B7 /* Accelerate.framework */; };
		807465F41DD492A50074B7B7 /* CoreData.framework in Frameworks */ = {isa = PBXBuildFile; fileRef = 807465F31DD492A50074B7B7 /* CoreData.framework */; };
		807465F61DD492AE0074B7B7 /* CoreGraphics.framework in Frameworks */ = {isa = PBXBuildFile; fileRef = 807465F51DD492AE0074B7B7 /* CoreGraphics.framework */; };
		807465F81DD492B80074B7B7 /* CoreLocation.framework in Frameworks */ = {isa = PBXBuildFile; fileRef = 807465F71DD492B80074B7B7 /* CoreLocation.framework */; };
		807465FA1DD492C10074B7B7 /* CoreText.framework in Frameworks */ = {isa = PBXBuildFile; fileRef = 807465F91DD492C10074B7B7 /* CoreText.framework */; };
		807465FC1DD492CB0074B7B7 /* GLKit.framework in Frameworks */ = {isa = PBXBuildFile; fileRef = 807465FB1DD492CB0074B7B7 /* GLKit.framework */; };
		807465FE1DD492D80074B7B7 /* ImageIO.framework in Frameworks */ = {isa = PBXBuildFile; fileRef = 807465FD1DD492D80074B7B7 /* ImageIO.framework */; };
		807466001DD492E80074B7B7 /* libc++.tbd in Frameworks */ = {isa = PBXBuildFile; fileRef = 807465FF1DD492E80074B7B7 /* libc++.tbd */; };
		807466021DD492F30074B7B7 /* libz.tbd in Frameworks */ = {isa = PBXBuildFile; fileRef = 807466011DD492F30074B7B7 /* libz.tbd */; };
		807466041DD493040074B7B7 /* OpenGLES.framework in Frameworks */ = {isa = PBXBuildFile; fileRef = 807466031DD493040074B7B7 /* OpenGLES.framework */; };
		807466061DD4930D0074B7B7 /* QuartzCore.framework in Frameworks */ = {isa = PBXBuildFile; fileRef = 807466051DD4930D0074B7B7 /* QuartzCore.framework */; };
		807466081DD4931C0074B7B7 /* SystemConfiguration.framework in Frameworks */ = {isa = PBXBuildFile; fileRef = 807466071DD4931C0074B7B7 /* SystemConfiguration.framework */; };
		8074660A1DD493270074B7B7 /* UIKit.framework in Frameworks */ = {isa = PBXBuildFile; fileRef = 807466091DD493270074B7B7 /* UIKit.framework */; };
		809D2DC01DE5C624007A81A9 /* JCICRCoreReturnsPickUpInfoViewController.swift in Sources */ = {isa = PBXBuildFile; fileRef = 809D2DBF1DE5C624007A81A9 /* JCICRCoreReturnsPickUpInfoViewController.swift */; settings = {ASSET_TAGS = (); }; };
		809D2DC21DE5D533007A81A9 /* JCICRCorePickUpInfoModel.swift in Sources */ = {isa = PBXBuildFile; fileRef = 809D2DC11DE5D533007A81A9 /* JCICRCorePickUpInfoModel.swift */; settings = {ASSET_TAGS = (); }; };
		80AB64A91DE6F2C700F810F5 /* JCICRCoreReturnsPickUpPopOverViewController.swift in Sources */ = {isa = PBXBuildFile; fileRef = 80AB64A81DE6F2C700F810F5 /* JCICRCoreReturnsPickUpPopOverViewController.swift */; settings = {ASSET_TAGS = (); }; };
		80AB64AB1DE6F66900F810F5 /* JCICRCorePickUpPopOverModel.swift in Sources */ = {isa = PBXBuildFile; fileRef = 80AB64AA1DE6F66900F810F5 /* JCICRCorePickUpPopOverModel.swift */; settings = {ASSET_TAGS = (); }; };
		80C882451DE47C3700486426 /* JCICRCoreReturnsAvailableViewController.swift in Sources */ = {isa = PBXBuildFile; fileRef = 80C882441DE47C3700486426 /* JCICRCoreReturnsAvailableViewController.swift */; settings = {ASSET_TAGS = (); }; };
		80EC0DE61DE31F7A00E756A6 /* JCICRCoreReturnsInformationViewController.swift in Sources */ = {isa = PBXBuildFile; fileRef = 80EC0DE51DE31F7A00E756A6 /* JCICRCoreReturnsInformationViewController.swift */; settings = {ASSET_TAGS = (); }; };
/* End PBXBuildFile section */

/* Begin PBXContainerItemProxy section */
		6988FA591DCDB12A001C7AAA /* PBXContainerItemProxy */ = {
			isa = PBXContainerItemProxy;
			containerPortal = 6988FA391DCDB12A001C7AAA /* Project object */;
			proxyType = 1;
			remoteGlobalIDString = 6988FA401DCDB12A001C7AAA;
			remoteInfo = CoreReturns;
		};
		6988FA641DCDB12A001C7AAA /* PBXContainerItemProxy */ = {
			isa = PBXContainerItemProxy;
			containerPortal = 6988FA391DCDB12A001C7AAA /* Project object */;
			proxyType = 1;
			remoteGlobalIDString = 6988FA401DCDB12A001C7AAA;
			remoteInfo = CoreReturns;
		};
/* End PBXContainerItemProxy section */

/* Begin PBXFileReference section */
		691733561DD3355800AED7B2 /* bill.pdf */ = {isa = PBXFileReference; lastKnownFileType = image.pdf; path = bill.pdf; sourceTree = "<group>"; };
		6988FA411DCDB12A001C7AAA /* CoreReturns.app */ = {isa = PBXFileReference; explicitFileType = wrapper.application; includeInIndex = 0; path = CoreReturns.app; sourceTree = BUILT_PRODUCTS_DIR; };
		6988FA441DCDB12A001C7AAA /* AppDelegate.swift */ = {isa = PBXFileReference; lastKnownFileType = sourcecode.swift; path = AppDelegate.swift; sourceTree = "<group>"; };
		6988FA461DCDB12A001C7AAA /* JCICRLoginViewController.swift */ = {isa = PBXFileReference; lastKnownFileType = sourcecode.swift; lineEnding = 0; path = JCICRLoginViewController.swift; sourceTree = "<group>"; xcLanguageSpecificationIdentifier = xcode.lang.swift; };
		6988FA491DCDB12A001C7AAA /* Base */ = {isa = PBXFileReference; lastKnownFileType = file.storyboard; name = Base; path = Base.lproj/Main.storyboard; sourceTree = "<group>"; };
		6988FA4C1DCDB12A001C7AAA /* CoreReturns.xcdatamodel */ = {isa = PBXFileReference; lastKnownFileType = wrapper.xcdatamodel; path = CoreReturns.xcdatamodel; sourceTree = "<group>"; };
		6988FA4E1DCDB12A001C7AAA /* Assets.xcassets */ = {isa = PBXFileReference; lastKnownFileType = folder.assetcatalog; path = Assets.xcassets; sourceTree = "<group>"; };
		6988FA511DCDB12A001C7AAA /* Base */ = {isa = PBXFileReference; lastKnownFileType = file.storyboard; name = Base; path = Base.lproj/LaunchScreen.storyboard; sourceTree = "<group>"; };
		6988FA531DCDB12A001C7AAA /* Info.plist */ = {isa = PBXFileReference; lastKnownFileType = text.plist.xml; path = Info.plist; sourceTree = "<group>"; };
		6988FA581DCDB12A001C7AAA /* CoreReturnsTests.xctest */ = {isa = PBXFileReference; explicitFileType = wrapper.cfbundle; includeInIndex = 0; path = CoreReturnsTests.xctest; sourceTree = BUILT_PRODUCTS_DIR; };
		6988FA5C1DCDB12A001C7AAA /* CoreReturnsTests.swift */ = {isa = PBXFileReference; lastKnownFileType = sourcecode.swift; path = CoreReturnsTests.swift; sourceTree = "<group>"; };
		6988FA5E1DCDB12A001C7AAA /* Info.plist */ = {isa = PBXFileReference; lastKnownFileType = text.plist.xml; path = Info.plist; sourceTree = "<group>"; };
		6988FA631DCDB12A001C7AAA /* CoreReturnsUITests.xctest */ = {isa = PBXFileReference; explicitFileType = wrapper.cfbundle; includeInIndex = 0; path = CoreReturnsUITests.xctest; sourceTree = BUILT_PRODUCTS_DIR; };
		6988FA671DCDB12A001C7AAA /* CoreReturnsUITests.swift */ = {isa = PBXFileReference; lastKnownFileType = sourcecode.swift; path = CoreReturnsUITests.swift; sourceTree = "<group>"; };
		6988FA691DCDB12A001C7AAA /* Info.plist */ = {isa = PBXFileReference; lastKnownFileType = text.plist.xml; path = Info.plist; sourceTree = "<group>"; };
		6988FA751DCDBA5D001C7AAA /* JCICRHomeViewController.swift */ = {isa = PBXFileReference; fileEncoding = 4; lastKnownFileType = sourcecode.swift; lineEnding = 0; path = JCICRHomeViewController.swift; sourceTree = "<group>"; xcLanguageSpecificationIdentifier = xcode.lang.swift; };
		6988FA771DCDD935001C7AAA /* JCICRCustomPickUPTableViewCell.swift */ = {isa = PBXFileReference; fileEncoding = 4; lastKnownFileType = sourcecode.swift; path = JCICRCustomPickUPTableViewCell.swift; sourceTree = "<group>"; };
		69E04F3E1DD0B99800B38FC0 /* JCICRDirectionsViewController.swift */ = {isa = PBXFileReference; fileEncoding = 4; lastKnownFileType = sourcecode.swift; lineEnding = 0; path = JCICRDirectionsViewController.swift; sourceTree = "<group>"; xcLanguageSpecificationIdentifier = xcode.lang.swift; };
		69E04F401DD0BBCC00B38FC0 /* JCICRJobCardViewController.swift */ = {isa = PBXFileReference; fileEncoding = 4; lastKnownFileType = sourcecode.swift; lineEnding = 0; path = JCICRJobCardViewController.swift; sourceTree = "<group>"; xcLanguageSpecificationIdentifier = xcode.lang.swift; };
		69E04F441DD0C0F000B38FC0 /* JCICRCustomJobCardTableViewCell.swift */ = {isa = PBXFileReference; fileEncoding = 4; lastKnownFileType = sourcecode.swift; path = JCICRCustomJobCardTableViewCell.swift; sourceTree = "<group>"; };
		69E04F461DD0C93A00B38FC0 /* JCICRScanPalletViewController.swift */ = {isa = PBXFileReference; fileEncoding = 4; lastKnownFileType = sourcecode.swift; lineEnding = 0; path = JCICRScanPalletViewController.swift; sourceTree = "<group>"; xcLanguageSpecificationIdentifier = xcode.lang.swift; };
		69E04F481DD0C9CE00B38FC0 /* JCICRDamageReportViewController.swift */ = {isa = PBXFileReference; fileEncoding = 4; lastKnownFileType = sourcecode.swift; lineEnding = 0; path = JCICRDamageReportViewController.swift; sourceTree = "<group>"; xcLanguageSpecificationIdentifier = xcode.lang.swift; };
		69E04F4A1DD0CA6700B38FC0 /* JCICRViewBolViewController.swift */ = {isa = PBXFileReference; fileEncoding = 4; lastKnownFileType = sourcecode.swift; lineEnding = 0; path = JCICRViewBolViewController.swift; sourceTree = "<group>"; xcLanguageSpecificationIdentifier = xcode.lang.swift; };
		69E04F4C1DD0CACF00B38FC0 /* JCICRDigitalSignatureViewController.swift */ = {isa = PBXFileReference; fileEncoding = 4; lastKnownFileType = sourcecode.swift; lineEnding = 0; path = JCICRDigitalSignatureViewController.swift; sourceTree = "<group>"; xcLanguageSpecificationIdentifier = xcode.lang.swift; };
		69EF137D1DD1B55F00BA2CB5 /* JCICRDriverInfoViewController.swift */ = {isa = PBXFileReference; fileEncoding = 4; lastKnownFileType = sourcecode.swift; lineEnding = 0; path = JCICRDriverInfoViewController.swift; sourceTree = "<group>"; xcLanguageSpecificationIdentifier = xcode.lang.swift; };
		69F7C0CB1DCDEA1A003D6908 /* JCICRBatteryInfoViewController.swift */ = {isa = PBXFileReference; fileEncoding = 4; lastKnownFileType = sourcecode.swift; lineEnding = 0; path = JCICRBatteryInfoViewController.swift; sourceTree = "<group>"; xcLanguageSpecificationIdentifier = xcode.lang.swift; };
		800FF5931DE45630006E8473 /* JCICRCustomCustomerInfoTableViewCell.swift */ = {isa = PBXFileReference; fileEncoding = 4; lastKnownFileType = sourcecode.swift; path = JCICRCustomCustomerInfoTableViewCell.swift; sourceTree = "<group>"; };
		80148D531DE5602F0060AFBE /* JCICRBatteryInfoModel.swift */ = {isa = PBXFileReference; fileEncoding = 4; lastKnownFileType = sourcecode.swift; path = JCICRBatteryInfoModel.swift; sourceTree = "<group>"; };
		801E99BC1DD5D66E00EE58A6 /* JCICRCustomBatteryInfoTableViewCell.swift */ = {isa = PBXFileReference; fileEncoding = 4; lastKnownFileType = sourcecode.swift; path = JCICRCustomBatteryInfoTableViewCell.swift; sourceTree = "<group>"; };
		807465E91DD491F80074B7B7 /* GoogleMapsBase.framework */ = {isa = PBXFileReference; lastKnownFileType = wrapper.framework; path = GoogleMapsBase.framework; sourceTree = "<group>"; };
		807465EB1DD492280074B7B7 /* GoogleMaps.framework */ = {isa = PBXFileReference; lastKnownFileType = wrapper.framework; path = GoogleMaps.framework; sourceTree = "<group>"; };
		807465ED1DD492370074B7B7 /* GoogleMapsCore.framework */ = {isa = PBXFileReference; lastKnownFileType = wrapper.framework; path = GoogleMapsCore.framework; sourceTree = "<group>"; };
		807465EF1DD492710074B7B7 /* GoogleMaps.bundle */ = {isa = PBXFileReference; lastKnownFileType = "wrapper.plug-in"; name = GoogleMaps.bundle; path = GoogleMaps.framework/Versions/A/Resources/GoogleMaps.bundle; sourceTree = "<group>"; };
		807465F11DD492980074B7B7 /* Accelerate.framework */ = {isa = PBXFileReference; lastKnownFileType = wrapper.framework; name = Accelerate.framework; path = System/Library/Frameworks/Accelerate.framework; sourceTree = SDKROOT; };
		807465F31DD492A50074B7B7 /* CoreData.framework */ = {isa = PBXFileReference; lastKnownFileType = wrapper.framework; name = CoreData.framework; path = System/Library/Frameworks/CoreData.framework; sourceTree = SDKROOT; };
		807465F51DD492AE0074B7B7 /* CoreGraphics.framework */ = {isa = PBXFileReference; lastKnownFileType = wrapper.framework; name = CoreGraphics.framework; path = System/Library/Frameworks/CoreGraphics.framework; sourceTree = SDKROOT; };
		807465F71DD492B80074B7B7 /* CoreLocation.framework */ = {isa = PBXFileReference; lastKnownFileType = wrapper.framework; name = CoreLocation.framework; path = System/Library/Frameworks/CoreLocation.framework; sourceTree = SDKROOT; };
		807465F91DD492C10074B7B7 /* CoreText.framework */ = {isa = PBXFileReference; lastKnownFileType = wrapper.framework; name = CoreText.framework; path = System/Library/Frameworks/CoreText.framework; sourceTree = SDKROOT; };
		807465FB1DD492CB0074B7B7 /* GLKit.framework */ = {isa = PBXFileReference; lastKnownFileType = wrapper.framework; name = GLKit.framework; path = System/Library/Frameworks/GLKit.framework; sourceTree = SDKROOT; };
		807465FD1DD492D80074B7B7 /* ImageIO.framework */ = {isa = PBXFileReference; lastKnownFileType = wrapper.framework; name = ImageIO.framework; path = System/Library/Frameworks/ImageIO.framework; sourceTree = SDKROOT; };
		807465FF1DD492E80074B7B7 /* libc++.tbd */ = {isa = PBXFileReference; lastKnownFileType = "sourcecode.text-based-dylib-definition"; name = "libc++.tbd"; path = "usr/lib/libc++.tbd"; sourceTree = SDKROOT; };
		807466011DD492F30074B7B7 /* libz.tbd */ = {isa = PBXFileReference; lastKnownFileType = "sourcecode.text-based-dylib-definition"; name = libz.tbd; path = usr/lib/libz.tbd; sourceTree = SDKROOT; };
		807466031DD493040074B7B7 /* OpenGLES.framework */ = {isa = PBXFileReference; lastKnownFileType = wrapper.framework; name = OpenGLES.framework; path = System/Library/Frameworks/OpenGLES.framework; sourceTree = SDKROOT; };
		807466051DD4930D0074B7B7 /* QuartzCore.framework */ = {isa = PBXFileReference; lastKnownFileType = wrapper.framework; name = QuartzCore.framework; path = System/Library/Frameworks/QuartzCore.framework; sourceTree = SDKROOT; };
		807466071DD4931C0074B7B7 /* SystemConfiguration.framework */ = {isa = PBXFileReference; lastKnownFileType = wrapper.framework; name = SystemConfiguration.framework; path = System/Library/Frameworks/SystemConfiguration.framework; sourceTree = SDKROOT; };
		807466091DD493270074B7B7 /* UIKit.framework */ = {isa = PBXFileReference; lastKnownFileType = wrapper.framework; name = UIKit.framework; path = System/Library/Frameworks/UIKit.framework; sourceTree = SDKROOT; };
		809D2DBF1DE5C624007A81A9 /* JCICRCoreReturnsPickUpInfoViewController.swift */ = {isa = PBXFileReference; fileEncoding = 4; lastKnownFileType = sourcecode.swift; path = JCICRCoreReturnsPickUpInfoViewController.swift; sourceTree = "<group>"; };
		809D2DC11DE5D533007A81A9 /* JCICRCorePickUpInfoModel.swift */ = {isa = PBXFileReference; fileEncoding = 4; lastKnownFileType = sourcecode.swift; path = JCICRCorePickUpInfoModel.swift; sourceTree = "<group>"; };
		80AB64A81DE6F2C700F810F5 /* JCICRCoreReturnsPickUpPopOverViewController.swift */ = {isa = PBXFileReference; fileEncoding = 4; lastKnownFileType = sourcecode.swift; path = JCICRCoreReturnsPickUpPopOverViewController.swift; sourceTree = "<group>"; };
		80AB64AA1DE6F66900F810F5 /* JCICRCorePickUpPopOverModel.swift */ = {isa = PBXFileReference; fileEncoding = 4; lastKnownFileType = sourcecode.swift; path = JCICRCorePickUpPopOverModel.swift; sourceTree = "<group>"; };
		80C882441DE47C3700486426 /* JCICRCoreReturnsAvailableViewController.swift */ = {isa = PBXFileReference; fileEncoding = 4; lastKnownFileType = sourcecode.swift; path = JCICRCoreReturnsAvailableViewController.swift; sourceTree = "<group>"; };
		80EC0DE51DE31F7A00E756A6 /* JCICRCoreReturnsInformationViewController.swift */ = {isa = PBXFileReference; fileEncoding = 4; lastKnownFileType = sourcecode.swift; path = JCICRCoreReturnsInformationViewController.swift; sourceTree = "<group>"; };
/* End PBXFileReference section */

/* Begin PBXFrameworksBuildPhase section */
		6988FA3E1DCDB12A001C7AAA /* Frameworks */ = {
			isa = PBXFrameworksBuildPhase;
			buildActionMask = 2147483647;
			files = (
				8074660A1DD493270074B7B7 /* UIKit.framework in Frameworks */,
				807466081DD4931C0074B7B7 /* SystemConfiguration.framework in Frameworks */,
				807466061DD4930D0074B7B7 /* QuartzCore.framework in Frameworks */,
				807466041DD493040074B7B7 /* OpenGLES.framework in Frameworks */,
				807466021DD492F30074B7B7 /* libz.tbd in Frameworks */,
				807466001DD492E80074B7B7 /* libc++.tbd in Frameworks */,
				807465FE1DD492D80074B7B7 /* ImageIO.framework in Frameworks */,
				807465FC1DD492CB0074B7B7 /* GLKit.framework in Frameworks */,
				807465FA1DD492C10074B7B7 /* CoreText.framework in Frameworks */,
				807465F81DD492B80074B7B7 /* CoreLocation.framework in Frameworks */,
				807465F61DD492AE0074B7B7 /* CoreGraphics.framework in Frameworks */,
				807465F41DD492A50074B7B7 /* CoreData.framework in Frameworks */,
				807465F21DD492980074B7B7 /* Accelerate.framework in Frameworks */,
				807465EC1DD492280074B7B7 /* GoogleMaps.framework in Frameworks */,
				807465EE1DD492370074B7B7 /* GoogleMapsCore.framework in Frameworks */,
				807465EA1DD491F80074B7B7 /* GoogleMapsBase.framework in Frameworks */,
			);
			runOnlyForDeploymentPostprocessing = 0;
		};
		6988FA551DCDB12A001C7AAA /* Frameworks */ = {
			isa = PBXFrameworksBuildPhase;
			buildActionMask = 2147483647;
			files = (
			);
			runOnlyForDeploymentPostprocessing = 0;
		};
		6988FA601DCDB12A001C7AAA /* Frameworks */ = {
			isa = PBXFrameworksBuildPhase;
			buildActionMask = 2147483647;
			files = (
			);
			runOnlyForDeploymentPostprocessing = 0;
		};
/* End PBXFrameworksBuildPhase section */

/* Begin PBXGroup section */
		6988FA381DCDB12A001C7AAA = {
			isa = PBXGroup;
			children = (
				807466091DD493270074B7B7 /* UIKit.framework */,
				807466071DD4931C0074B7B7 /* SystemConfiguration.framework */,
				807466051DD4930D0074B7B7 /* QuartzCore.framework */,
				807466031DD493040074B7B7 /* OpenGLES.framework */,
				807466011DD492F30074B7B7 /* libz.tbd */,
				807465FF1DD492E80074B7B7 /* libc++.tbd */,
				807465FD1DD492D80074B7B7 /* ImageIO.framework */,
				807465FB1DD492CB0074B7B7 /* GLKit.framework */,
				807465F91DD492C10074B7B7 /* CoreText.framework */,
				807465F71DD492B80074B7B7 /* CoreLocation.framework */,
				807465F51DD492AE0074B7B7 /* CoreGraphics.framework */,
				807465F31DD492A50074B7B7 /* CoreData.framework */,
				807465F11DD492980074B7B7 /* Accelerate.framework */,
				6988FA431DCDB12A001C7AAA /* CoreReturns */,
				6988FA5B1DCDB12A001C7AAA /* CoreReturnsTests */,
				6988FA661DCDB12A001C7AAA /* CoreReturnsUITests */,
				6988FA421DCDB12A001C7AAA /* Products */,
			);
			sourceTree = "<group>";
		};
		6988FA421DCDB12A001C7AAA /* Products */ = {
			isa = PBXGroup;
			children = (
				6988FA411DCDB12A001C7AAA /* CoreReturns.app */,
				6988FA581DCDB12A001C7AAA /* CoreReturnsTests.xctest */,
				6988FA631DCDB12A001C7AAA /* CoreReturnsUITests.xctest */,
			);
			name = Products;
			sourceTree = "<group>";
		};
		6988FA431DCDB12A001C7AAA /* CoreReturns */ = {
			isa = PBXGroup;
			children = (
				807465EF1DD492710074B7B7 /* GoogleMaps.bundle */,
				807465ED1DD492370074B7B7 /* GoogleMapsCore.framework */,
				807465EB1DD492280074B7B7 /* GoogleMaps.framework */,
				807465E91DD491F80074B7B7 /* GoogleMapsBase.framework */,
				6988FA441DCDB12A001C7AAA /* AppDelegate.swift */,
				80148D531DE5602F0060AFBE /* JCICRBatteryInfoModel.swift */,
				809D2DC11DE5D533007A81A9 /* JCICRCorePickUpInfoModel.swift */,
				80AB64AA1DE6F66900F810F5 /* JCICRCorePickUpPopOverModel.swift */,
				6988FA461DCDB12A001C7AAA /* JCICRLoginViewController.swift */,
				6988FA751DCDBA5D001C7AAA /* JCICRHomeViewController.swift */,
				69F7C0CB1DCDEA1A003D6908 /* JCICRBatteryInfoViewController.swift */,
				69E04F3E1DD0B99800B38FC0 /* JCICRDirectionsViewController.swift */,
				69E04F401DD0BBCC00B38FC0 /* JCICRJobCardViewController.swift */,
				69E04F461DD0C93A00B38FC0 /* JCICRScanPalletViewController.swift */,
				69E04F481DD0C9CE00B38FC0 /* JCICRDamageReportViewController.swift */,
				69E04F4A1DD0CA6700B38FC0 /* JCICRViewBolViewController.swift */,
				69E04F4C1DD0CACF00B38FC0 /* JCICRDigitalSignatureViewController.swift */,
				69EF137D1DD1B55F00BA2CB5 /* JCICRDriverInfoViewController.swift */,
				80C882441DE47C3700486426 /* JCICRCoreReturnsAvailableViewController.swift */,
				80EC0DE51DE31F7A00E756A6 /* JCICRCoreReturnsInformationViewController.swift */,
				809D2DBF1DE5C624007A81A9 /* JCICRCoreReturnsPickUpInfoViewController.swift */,
				80AB64A81DE6F2C700F810F5 /* JCICRCoreReturnsPickUpPopOverViewController.swift */,
				6988FA771DCDD935001C7AAA /* JCICRCustomPickUPTableViewCell.swift */,
				69E04F441DD0C0F000B38FC0 /* JCICRCustomJobCardTableViewCell.swift */,
				801E99BC1DD5D66E00EE58A6 /* JCICRCustomBatteryInfoTableViewCell.swift */,
				800FF5931DE45630006E8473 /* JCICRCustomCustomerInfoTableViewCell.swift */,
				6988FA481DCDB12A001C7AAA /* Main.storyboard */,
				691733561DD3355800AED7B2 /* bill.pdf */,
				6988FA4E1DCDB12A001C7AAA /* Assets.xcassets */,
				6988FA501DCDB12A001C7AAA /* LaunchScreen.storyboard */,
				6988FA531DCDB12A001C7AAA /* Info.plist */,
				6988FA4B1DCDB12A001C7AAA /* CoreReturns.xcdatamodeld */,
			);
			path = CoreReturns;
			sourceTree = "<group>";
		};
		6988FA5B1DCDB12A001C7AAA /* CoreReturnsTests */ = {
			isa = PBXGroup;
			children = (
				6988FA5C1DCDB12A001C7AAA /* CoreReturnsTests.swift */,
				6988FA5E1DCDB12A001C7AAA /* Info.plist */,
			);
			path = CoreReturnsTests;
			sourceTree = "<group>";
		};
		6988FA661DCDB12A001C7AAA /* CoreReturnsUITests */ = {
			isa = PBXGroup;
			children = (
				6988FA671DCDB12A001C7AAA /* CoreReturnsUITests.swift */,
				6988FA691DCDB12A001C7AAA /* Info.plist */,
			);
			path = CoreReturnsUITests;
			sourceTree = "<group>";
		};
/* End PBXGroup section */

/* Begin PBXNativeTarget section */
		6988FA401DCDB12A001C7AAA /* CoreReturns */ = {
			isa = PBXNativeTarget;
			buildConfigurationList = 6988FA6C1DCDB12A001C7AAA /* Build configuration list for PBXNativeTarget "CoreReturns" */;
			buildPhases = (
				6988FA3D1DCDB12A001C7AAA /* Sources */,
				6988FA3E1DCDB12A001C7AAA /* Frameworks */,
				6988FA3F1DCDB12A001C7AAA /* Resources */,
			);
			buildRules = (
			);
			dependencies = (
			);
			name = CoreReturns;
			productName = CoreReturns;
			productReference = 6988FA411DCDB12A001C7AAA /* CoreReturns.app */;
			productType = "com.apple.product-type.application";
		};
		6988FA571DCDB12A001C7AAA /* CoreReturnsTests */ = {
			isa = PBXNativeTarget;
			buildConfigurationList = 6988FA6F1DCDB12A001C7AAA /* Build configuration list for PBXNativeTarget "CoreReturnsTests" */;
			buildPhases = (
				6988FA541DCDB12A001C7AAA /* Sources */,
				6988FA551DCDB12A001C7AAA /* Frameworks */,
				6988FA561DCDB12A001C7AAA /* Resources */,
			);
			buildRules = (
			);
			dependencies = (
				6988FA5A1DCDB12A001C7AAA /* PBXTargetDependency */,
			);
			name = CoreReturnsTests;
			productName = CoreReturnsTests;
			productReference = 6988FA581DCDB12A001C7AAA /* CoreReturnsTests.xctest */;
			productType = "com.apple.product-type.bundle.unit-test";
		};
		6988FA621DCDB12A001C7AAA /* CoreReturnsUITests */ = {
			isa = PBXNativeTarget;
			buildConfigurationList = 6988FA721DCDB12A001C7AAA /* Build configuration list for PBXNativeTarget "CoreReturnsUITests" */;
			buildPhases = (
				6988FA5F1DCDB12A001C7AAA /* Sources */,
				6988FA601DCDB12A001C7AAA /* Frameworks */,
				6988FA611DCDB12A001C7AAA /* Resources */,
			);
			buildRules = (
			);
			dependencies = (
				6988FA651DCDB12A001C7AAA /* PBXTargetDependency */,
			);
			name = CoreReturnsUITests;
			productName = CoreReturnsUITests;
			productReference = 6988FA631DCDB12A001C7AAA /* CoreReturnsUITests.xctest */;
			productType = "com.apple.product-type.bundle.ui-testing";
		};
/* End PBXNativeTarget section */

/* Begin PBXProject section */
		6988FA391DCDB12A001C7AAA /* Project object */ = {
			isa = PBXProject;
			attributes = {
				LastSwiftUpdateCheck = 0720;
				LastUpgradeCheck = 0720;
				ORGANIZATIONNAME = Mobility;
				TargetAttributes = {
					6988FA401DCDB12A001C7AAA = {
						CreatedOnToolsVersion = 7.2;
						DevelopmentTeam = 7AP743B8SS;
					};
					6988FA571DCDB12A001C7AAA = {
						CreatedOnToolsVersion = 7.2;
						TestTargetID = 6988FA401DCDB12A001C7AAA;
					};
					6988FA621DCDB12A001C7AAA = {
						CreatedOnToolsVersion = 7.2;
						TestTargetID = 6988FA401DCDB12A001C7AAA;
					};
				};
			};
			buildConfigurationList = 6988FA3C1DCDB12A001C7AAA /* Build configuration list for PBXProject "CoreReturns" */;
			compatibilityVersion = "Xcode 3.2";
			developmentRegion = English;
			hasScannedForEncodings = 0;
			knownRegions = (
				en,
				Base,
			);
			mainGroup = 6988FA381DCDB12A001C7AAA;
			productRefGroup = 6988FA421DCDB12A001C7AAA /* Products */;
			projectDirPath = "";
			projectRoot = "";
			targets = (
				6988FA401DCDB12A001C7AAA /* CoreReturns */,
				6988FA571DCDB12A001C7AAA /* CoreReturnsTests */,
				6988FA621DCDB12A001C7AAA /* CoreReturnsUITests */,
			);
		};
/* End PBXProject section */

/* Begin PBXResourcesBuildPhase section */
		6988FA3F1DCDB12A001C7AAA /* Resources */ = {
			isa = PBXResourcesBuildPhase;
			buildActionMask = 2147483647;
			files = (
				6988FA521DCDB12A001C7AAA /* LaunchScreen.storyboard in Resources */,
				6988FA4F1DCDB12A001C7AAA /* Assets.xcassets in Resources */,
				6988FA4A1DCDB12A001C7AAA /* Main.storyboard in Resources */,
				691733571DD3355800AED7B2 /* bill.pdf in Resources */,
				807465F01DD492710074B7B7 /* GoogleMaps.bundle in Resources */,
			);
			runOnlyForDeploymentPostprocessing = 0;
		};
		6988FA561DCDB12A001C7AAA /* Resources */ = {
			isa = PBXResourcesBuildPhase;
			buildActionMask = 2147483647;
			files = (
			);
			runOnlyForDeploymentPostprocessing = 0;
		};
		6988FA611DCDB12A001C7AAA /* Resources */ = {
			isa = PBXResourcesBuildPhase;
			buildActionMask = 2147483647;
			files = (
			);
			runOnlyForDeploymentPostprocessing = 0;
		};
/* End PBXResourcesBuildPhase section */

/* Begin PBXSourcesBuildPhase section */
		6988FA3D1DCDB12A001C7AAA /* Sources */ = {
			isa = PBXSourcesBuildPhase;
			buildActionMask = 2147483647;
			files = (
				69E04F3F1DD0B99800B38FC0 /* JCICRDirectionsViewController.swift in Sources */,
				69E04F451DD0C0F000B38FC0 /* JCICRCustomJobCardTableViewCell.swift in Sources */,
				6988FA4D1DCDB12A001C7AAA /* CoreReturns.xcdatamodeld in Sources */,
				809D2DC01DE5C624007A81A9 /* JCICRCoreReturnsPickUpInfoViewController.swift in Sources */,
				80AB64AB1DE6F66900F810F5 /* JCICRCorePickUpPopOverModel.swift in Sources */,
				80EC0DE61DE31F7A00E756A6 /* JCICRCoreReturnsInformationViewController.swift in Sources */,
				69E04F4D1DD0CACF00B38FC0 /* JCICRDigitalSignatureViewController.swift in Sources */,
				6988FA781DCDD935001C7AAA /* JCICRCustomPickUPTableViewCell.swift in Sources */,
				800FF5941DE45630006E8473 /* JCICRCustomCustomerInfoTableViewCell.swift in Sources */,
				69E04F491DD0C9CE00B38FC0 /* JCICRDamageReportViewController.swift in Sources */,
				69F7C0CC1DCDEA1A003D6908 /* JCICRBatteryInfoViewController.swift in Sources */,
				69E04F4B1DD0CA6700B38FC0 /* JCICRViewBolViewController.swift in Sources */,
				80148D541DE5602F0060AFBE /* JCICRBatteryInfoModel.swift in Sources */,
				69E04F411DD0BBCC00B38FC0 /* JCICRJobCardViewController.swift in Sources */,
				809D2DC21DE5D533007A81A9 /* JCICRCorePickUpInfoModel.swift in Sources */,
				6988FA471DCDB12A001C7AAA /* JCICRLoginViewController.swift in Sources */,
				80AB64A91DE6F2C700F810F5 /* JCICRCoreReturnsPickUpPopOverViewController.swift in Sources */,
				6988FA451DCDB12A001C7AAA /* AppDelegate.swift in Sources */,
				6988FA761DCDBA5D001C7AAA /* JCICRHomeViewController.swift in Sources */,
				80C882451DE47C3700486426 /* JCICRCoreReturnsAvailableViewController.swift in Sources */,
				69EF137E1DD1B55F00BA2CB5 /* JCICRDriverInfoViewController.swift in Sources */,
				801E99BD1DD5D66E00EE58A6 /* JCICRCustomBatteryInfoTableViewCell.swift in Sources */,
				69E04F471DD0C93A00B38FC0 /* JCICRScanPalletViewController.swift in Sources */,
			);
			runOnlyForDeploymentPostprocessing = 0;
		};
		6988FA541DCDB12A001C7AAA /* Sources */ = {
			isa = PBXSourcesBuildPhase;
			buildActionMask = 2147483647;
			files = (
				6988FA5D1DCDB12A001C7AAA /* CoreReturnsTests.swift in Sources */,
			);
			runOnlyForDeploymentPostprocessing = 0;
		};
		6988FA5F1DCDB12A001C7AAA /* Sources */ = {
			isa = PBXSourcesBuildPhase;
			buildActionMask = 2147483647;
			files = (
				6988FA681DCDB12A001C7AAA /* CoreReturnsUITests.swift in Sources */,
			);
			runOnlyForDeploymentPostprocessing = 0;
		};
/* End PBXSourcesBuildPhase section */

/* Begin PBXTargetDependency section */
		6988FA5A1DCDB12A001C7AAA /* PBXTargetDependency */ = {
			isa = PBXTargetDependency;
			target = 6988FA401DCDB12A001C7AAA /* CoreReturns */;
			targetProxy = 6988FA591DCDB12A001C7AAA /* PBXContainerItemProxy */;
		};
		6988FA651DCDB12A001C7AAA /* PBXTargetDependency */ = {
			isa = PBXTargetDependency;
			target = 6988FA401DCDB12A001C7AAA /* CoreReturns */;
			targetProxy = 6988FA641DCDB12A001C7AAA /* PBXContainerItemProxy */;
		};
/* End PBXTargetDependency section */

/* Begin PBXVariantGroup section */
		6988FA481DCDB12A001C7AAA /* Main.storyboard */ = {
			isa = PBXVariantGroup;
			children = (
				6988FA491DCDB12A001C7AAA /* Base */,
			);
			name = Main.storyboard;
			sourceTree = "<group>";
		};
		6988FA501DCDB12A001C7AAA /* LaunchScreen.storyboard */ = {
			isa = PBXVariantGroup;
			children = (
				6988FA511DCDB12A001C7AAA /* Base */,
			);
			name = LaunchScreen.storyboard;
			sourceTree = "<group>";
		};
/* End PBXVariantGroup section */

/* Begin XCBuildConfiguration section */
		6988FA6A1DCDB12A001C7AAA /* Debug */ = {
			isa = XCBuildConfiguration;
			buildSettings = {
				ALWAYS_SEARCH_USER_PATHS = NO;
				CLANG_CXX_LANGUAGE_STANDARD = "gnu++0x";
				CLANG_CXX_LIBRARY = "libc++";
				CLANG_ENABLE_MODULES = YES;
				CLANG_ENABLE_OBJC_ARC = YES;
				CLANG_WARN_BOOL_CONVERSION = YES;
				CLANG_WARN_CONSTANT_CONVERSION = YES;
				CLANG_WARN_DIRECT_OBJC_ISA_USAGE = YES_ERROR;
				CLANG_WARN_EMPTY_BODY = YES;
				CLANG_WARN_ENUM_CONVERSION = YES;
				CLANG_WARN_INT_CONVERSION = YES;
				CLANG_WARN_OBJC_ROOT_CLASS = YES_ERROR;
				CLANG_WARN_UNREACHABLE_CODE = YES;
				CLANG_WARN__DUPLICATE_METHOD_MATCH = YES;
				CODE_SIGN_IDENTITY = "iPhone Distribution: Tata Consultancy Services Limited";
				"CODE_SIGN_IDENTITY[sdk=iphoneos*]" = "iPhone Distribution: Tata Consultancy Services Limited";
				COPY_PHASE_STRIP = NO;
				DEBUG_INFORMATION_FORMAT = dwarf;
				ENABLE_STRICT_OBJC_MSGSEND = YES;
				ENABLE_TESTABILITY = YES;
				GCC_C_LANGUAGE_STANDARD = gnu99;
				GCC_DYNAMIC_NO_PIC = NO;
				GCC_NO_COMMON_BLOCKS = YES;
				GCC_OPTIMIZATION_LEVEL = 0;
				GCC_PREPROCESSOR_DEFINITIONS = (
					"DEBUG=1",
					"$(inherited)",
				);
				GCC_WARN_64_TO_32_BIT_CONVERSION = YES;
				GCC_WARN_ABOUT_RETURN_TYPE = YES_ERROR;
				GCC_WARN_UNDECLARED_SELECTOR = YES;
				GCC_WARN_UNINITIALIZED_AUTOS = YES_AGGRESSIVE;
				GCC_WARN_UNUSED_FUNCTION = YES;
				GCC_WARN_UNUSED_VARIABLE = YES;
				IPHONEOS_DEPLOYMENT_TARGET = 9.2;
				MTL_ENABLE_DEBUG_INFO = YES;
				ONLY_ACTIVE_ARCH = YES;
				OTHER_LDFLAGS = "-ObjC";
				PROVISIONING_PROFILE = "36653f57-3870-4f9d-8e32-cba56f0abe74";
				SDKROOT = iphoneos;
				SWIFT_OPTIMIZATION_LEVEL = "-Onone";
				TARGETED_DEVICE_FAMILY = "1,2";
			};
			name = Debug;
		};
		6988FA6B1DCDB12A001C7AAA /* Release */ = {
			isa = XCBuildConfiguration;
			buildSettings = {
				ALWAYS_SEARCH_USER_PATHS = NO;
				CLANG_CXX_LANGUAGE_STANDARD = "gnu++0x";
				CLANG_CXX_LIBRARY = "libc++";
				CLANG_ENABLE_MODULES = YES;
				CLANG_ENABLE_OBJC_ARC = YES;
				CLANG_WARN_BOOL_CONVERSION = YES;
				CLANG_WARN_CONSTANT_CONVERSION = YES;
				CLANG_WARN_DIRECT_OBJC_ISA_USAGE = YES_ERROR;
				CLANG_WARN_EMPTY_BODY = YES;
				CLANG_WARN_ENUM_CONVERSION = YES;
				CLANG_WARN_INT_CONVERSION = YES;
				CLANG_WARN_OBJC_ROOT_CLASS = YES_ERROR;
				CLANG_WARN_UNREACHABLE_CODE = YES;
				CLANG_WARN__DUPLICATE_METHOD_MATCH = YES;
				CODE_SIGN_IDENTITY = "iPhone Distribution: Tata Consultancy Services Limited";
				"CODE_SIGN_IDENTITY[sdk=iphoneos*]" = "iPhone Distribution: Tata Consultancy Services Limited";
				COPY_PHASE_STRIP = NO;
				DEBUG_INFORMATION_FORMAT = "dwarf-with-dsym";
				ENABLE_NS_ASSERTIONS = NO;
				ENABLE_STRICT_OBJC_MSGSEND = YES;
				GCC_C_LANGUAGE_STANDARD = gnu99;
				GCC_NO_COMMON_BLOCKS = YES;
				GCC_WARN_64_TO_32_BIT_CONVERSION = YES;
				GCC_WARN_ABOUT_RETURN_TYPE = YES_ERROR;
				GCC_WARN_UNDECLARED_SELECTOR = YES;
				GCC_WARN_UNINITIALIZED_AUTOS = YES_AGGRESSIVE;
				GCC_WARN_UNUSED_FUNCTION = YES;
				GCC_WARN_UNUSED_VARIABLE = YES;
				IPHONEOS_DEPLOYMENT_TARGET = 9.2;
				MTL_ENABLE_DEBUG_INFO = NO;
				OTHER_LDFLAGS = "-ObjC";
				PROVISIONING_PROFILE = "36653f57-3870-4f9d-8e32-cba56f0abe74";
				SDKROOT = iphoneos;
				TARGETED_DEVICE_FAMILY = "1,2";
				VALIDATE_PRODUCT = YES;
			};
			name = Release;
		};
		6988FA6D1DCDB12A001C7AAA /* Debug */ = {
			isa = XCBuildConfiguration;
			buildSettings = {
				ASSETCATALOG_COMPILER_APPICON_NAME = AppIcon;
				CODE_SIGN_IDENTITY = "iPhone Distribution: Tata Consultancy Services Limited";
				"CODE_SIGN_IDENTITY[sdk=iphoneos*]" = "iPhone Distribution: Tata Consultancy Services Limited";
				FRAMEWORK_SEARCH_PATHS = (
					"$(inherited)",
					"$(PROJECT_DIR)",
					"$(PROJECT_DIR)/CoreReturns",
				);
				INFOPLIST_FILE = CoreReturns/Info.plist;
				IPHONEOS_DEPLOYMENT_TARGET = 8.0;
				LD_RUNPATH_SEARCH_PATHS = "$(inherited) @executable_path/Frameworks";
				LIBRARY_SEARCH_PATHS = (
					"$(inherited)",
					"$(PROJECT_DIR)",
				);
				OTHER_LDFLAGS = "-ObjC";
				PRODUCT_BUNDLE_IDENTIFIER = com.tcs.mobility.corereturns;
				PRODUCT_NAME = "$(TARGET_NAME)";
				PROVISIONING_PROFILE = "36653f57-3870-4f9d-8e32-cba56f0abe74";
			};
			name = Debug;
		};
		6988FA6E1DCDB12A001C7AAA /* Release */ = {
			isa = XCBuildConfiguration;
			buildSettings = {
				ASSETCATALOG_COMPILER_APPICON_NAME = AppIcon;
				CODE_SIGN_IDENTITY = "iPhone Distribution: Tata Consultancy Services Limited";
				"CODE_SIGN_IDENTITY[sdk=iphoneos*]" = "iPhone Distribution: Tata Consultancy Services Limited";
				FRAMEWORK_SEARCH_PATHS = (
					"$(inherited)",
					"$(PROJECT_DIR)",
					"$(PROJECT_DIR)/CoreReturns",
				);
				INFOPLIST_FILE = CoreReturns/Info.plist;
				IPHONEOS_DEPLOYMENT_TARGET = 8.0;
				LD_RUNPATH_SEARCH_PATHS = "$(inherited) @executable_path/Frameworks";
				LIBRARY_SEARCH_PATHS = (
					"$(inherited)",
					"$(PROJECT_DIR)",
				);
				OTHER_LDFLAGS = "-ObjC";
				PRODUCT_BUNDLE_IDENTIFIER = com.tcs.mobility.corereturns;
				PRODUCT_NAME = "$(TARGET_NAME)";
				PROVISIONING_PROFILE = "36653f57-3870-4f9d-8e32-cba56f0abe74";
			};
			name = Release;
		};
		6988FA701DCDB12A001C7AAA /* Debug */ = {
			isa = XCBuildConfiguration;
			buildSettings = {
				BUNDLE_LOADER = "$(TEST_HOST)";
				INFOPLIST_FILE = CoreReturnsTests/Info.plist;
				IPHONEOS_DEPLOYMENT_TARGET = 9.0;
				LD_RUNPATH_SEARCH_PATHS = "$(inherited) @executable_path/Frameworks @loader_path/Frameworks";
				PRODUCT_BUNDLE_IDENTIFIER = TCS.CoreReturnsTests;
				PRODUCT_NAME = "$(TARGET_NAME)";
				TEST_HOST = "$(BUILT_PRODUCTS_DIR)/CoreReturns.app/CoreReturns";
			};
			name = Debug;
		};
		6988FA711DCDB12A001C7AAA /* Release */ = {
			isa = XCBuildConfiguration;
			buildSettings = {
				BUNDLE_LOADER = "$(TEST_HOST)";
				INFOPLIST_FILE = CoreReturnsTests/Info.plist;
				IPHONEOS_DEPLOYMENT_TARGET = 9.0;
				LD_RUNPATH_SEARCH_PATHS = "$(inherited) @executable_path/Frameworks @loader_path/Frameworks";
				PRODUCT_BUNDLE_IDENTIFIER = TCS.CoreReturnsTests;
				PRODUCT_NAME = "$(TARGET_NAME)";
				TEST_HOST = "$(BUILT_PRODUCTS_DIR)/CoreReturns.app/CoreReturns";
			};
			name = Release;
		};
		6988FA731DCDB12A001C7AAA /* Debug */ = {
			isa = XCBuildConfiguration;
			buildSettings = {
				INFOPLIST_FILE = CoreReturnsUITests/Info.plist;
				IPHONEOS_DEPLOYMENT_TARGET = 9.0;
				LD_RUNPATH_SEARCH_PATHS = "$(inherited) @executable_path/Frameworks @loader_path/Frameworks";
				PRODUCT_BUNDLE_IDENTIFIER = TCS.CoreReturnsUITests;
				PRODUCT_NAME = "$(TARGET_NAME)";
				TEST_TARGET_NAME = CoreReturns;
				USES_XCTRUNNER = YES;
			};
			name = Debug;
		};
		6988FA741DCDB12A001C7AAA /* Release */ = {
			isa = XCBuildConfiguration;
			buildSettings = {
				INFOPLIST_FILE = CoreReturnsUITests/Info.plist;
				IPHONEOS_DEPLOYMENT_TARGET = 9.0;
				LD_RUNPATH_SEARCH_PATHS = "$(inherited) @executable_path/Frameworks @loader_path/Frameworks";
				PRODUCT_BUNDLE_IDENTIFIER = TCS.CoreReturnsUITests;
				PRODUCT_NAME = "$(TARGET_NAME)";
				TEST_TARGET_NAME = CoreReturns;
				USES_XCTRUNNER = YES;
			};
			name = Release;
		};
/* End XCBuildConfiguration section */

/* Begin XCConfigurationList section */
		6988FA3C1DCDB12A001C7AAA /* Build configuration list for PBXProject "CoreReturns" */ = {
			isa = XCConfigurationList;
			buildConfigurations = (
				6988FA6A1DCDB12A001C7AAA /* Debug */,
				6988FA6B1DCDB12A001C7AAA /* Release */,
			);
			defaultConfigurationIsVisible = 0;
			defaultConfigurationName = Release;
		};
		6988FA6C1DCDB12A001C7AAA /* Build configuration list for PBXNativeTarget "CoreReturns" */ = {
			isa = XCConfigurationList;
			buildConfigurations = (
				6988FA6D1DCDB12A001C7AAA /* Debug */,
				6988FA6E1DCDB12A001C7AAA /* Release */,
			);
			defaultConfigurationIsVisible = 0;
			defaultConfigurationName = Release;
		};
		6988FA6F1DCDB12A001C7AAA /* Build configuration list for PBXNativeTarget "CoreReturnsTests" */ = {
			isa = XCConfigurationList;
			buildConfigurations = (
				6988FA701DCDB12A001C7AAA /* Debug */,
				6988FA711DCDB12A001C7AAA /* Release */,
			);
			defaultConfigurationIsVisible = 0;
			defaultConfigurationName = Release;
		};
		6988FA721DCDB12A001C7AAA /* Build configuration list for PBXNativeTarget "CoreReturnsUITests" */ = {
			isa = XCConfigurationList;
			buildConfigurations = (
				6988FA731DCDB12A001C7AAA /* Debug */,
				6988FA741DCDB12A001C7AAA /* Release */,
			);
			defaultConfigurationIsVisible = 0;
			defaultConfigurationName = Release;
		};
/* End XCConfigurationList section */

/* Begin XCVersionGroup section */
		6988FA4B1DCDB12A001C7AAA /* CoreReturns.xcdatamodeld */ = {
			isa = XCVersionGroup;
			children = (
				6988FA4C1DCDB12A001C7AAA /* CoreReturns.xcdatamodel */,
			);
			currentVersion = 6988FA4C1DCDB12A001C7AAA /* CoreReturns.xcdatamodel */;
			path = CoreReturns.xcdatamodeld;
			sourceTree = "<group>";
			versionGroupType = wrapper.xcdatamodel;
		};
/* End XCVersionGroup section */
	};
	rootObject = 6988FA391DCDB12A001C7AAA /* Project object */;
}
